<?xml version="1.0" encoding="UTF-8"?>
<!DOCTYPE plist PUBLIC "-//Apple//DTD PLIST 1.0//EN" "http://www.apple.com/DTDs/PropertyList-1.0.dtd">
<plist version="1.0">
<dict>
	<key>BuildNumber</key>
	<string>41720008</string>
	<key>BundleIdentifier</key>
	<string>com.barebones.bbedit</string>
	<key>HostIdentifier</key>
	<string>E5EE4629-6DA2-5282-AE18-57296F798FEE</string>
	<key>HostName</key>
	<string>Herb’s Mac Studio</string>
	<key>LockDate</key>
	<date>2022-08-10T15:05:22Z</date>
	<key>LockID</key>
	<string>981BF301-6A4D-43DF-BE38-4FE39584EF82</string>
	<key>MarketingVersion</key>
	<string>14.5.1</string>
	<key>NetworkVolume</key>
	<false/>
	<key>ProcessIdentifier</key>
	<integer>918</integer>
	<key>UserName</key>
	<string>hbowie</string>
	<key>Version</key>
	<integer>3</integer>
	<key>VolumeIdentifier</key>
	<string>3358AF07-EC53-4B7C-BF47-54C171DD3144</string>
</dict>
</plist>
